// !$*UTF8*$!
{
	archiveVersion = 1;
	classes = {
	};
	objectVersion = 70;
	objects = {

/* Begin PBXBuildFile section */
		265641732D5AFB770087223D /* Model.swift in Sources */ = {isa = PBXBuildFile; fileRef = 265641722D5AFB770087223D /* Model.swift */; };
		265641782D5AFCC00087223D /* HomePresenter.swift in Sources */ = {isa = PBXBuildFile; fileRef = 265641772D5AFCC00087223D /* HomePresenter.swift */; };
		2656417B2D5B00DE0087223D /* ProductService.swift in Sources */ = {isa = PBXBuildFile; fileRef = 2656417A2D5B00DE0087223D /* ProductService.swift */; };
		265641892D5B1ECE0087223D /* SnapKit in Frameworks */ = {isa = PBXBuildFile; productRef = 265641882D5B1ECE0087223D /* SnapKit */; };
		7510E7032D3AC7FA00CDDEC0 /* AppDelegate.swift in Sources */ = {isa = PBXBuildFile; fileRef = 7510E7022D3AC7FA00CDDEC0 /* AppDelegate.swift */; };
		7510E7052D3AC7FA00CDDEC0 /* SceneDelegate.swift in Sources */ = {isa = PBXBuildFile; fileRef = 7510E7042D3AC7FA00CDDEC0 /* SceneDelegate.swift */; };
		7510E70C2D3AC7FB00CDDEC0 /* Assets.xcassets in Resources */ = {isa = PBXBuildFile; fileRef = 7510E70B2D3AC7FB00CDDEC0 /* Assets.xcassets */; };
		7510E70F2D3AC7FB00CDDEC0 /* LaunchScreen.storyboard in Resources */ = {isa = PBXBuildFile; fileRef = 7510E70D2D3AC7FB00CDDEC0 /* LaunchScreen.storyboard */; };
/* End PBXBuildFile section */

/* Begin PBXFileReference section */
		265641722D5AFB770087223D /* Model.swift */ = {isa = PBXFileReference; lastKnownFileType = sourcecode.swift; path = Model.swift; sourceTree = "<group>"; };
		265641772D5AFCC00087223D /* HomePresenter.swift */ = {isa = PBXFileReference; lastKnownFileType = sourcecode.swift; path = HomePresenter.swift; sourceTree = "<group>"; };
		2656417A2D5B00DE0087223D /* ProductService.swift */ = {isa = PBXFileReference; lastKnownFileType = sourcecode.swift; path = ProductService.swift; sourceTree = "<group>"; };
		7510E6FF2D3AC7FA00CDDEC0 /* Mvp-demo.app */ = {isa = PBXFileReference; explicitFileType = wrapper.application; includeInIndex = 0; path = "Mvp-demo.app"; sourceTree = BUILT_PRODUCTS_DIR; };
		7510E7022D3AC7FA00CDDEC0 /* AppDelegate.swift */ = {isa = PBXFileReference; lastKnownFileType = sourcecode.swift; path = AppDelegate.swift; sourceTree = "<group>"; };
		7510E7042D3AC7FA00CDDEC0 /* SceneDelegate.swift */ = {isa = PBXFileReference; lastKnownFileType = sourcecode.swift; path = SceneDelegate.swift; sourceTree = "<group>"; };
		7510E70B2D3AC7FB00CDDEC0 /* Assets.xcassets */ = {isa = PBXFileReference; lastKnownFileType = folder.assetcatalog; path = Assets.xcassets; sourceTree = "<group>"; };
		7510E70E2D3AC7FB00CDDEC0 /* Base */ = {isa = PBXFileReference; lastKnownFileType = file.storyboard; name = Base; path = Base.lproj/LaunchScreen.storyboard; sourceTree = "<group>"; };
		7510E7102D3AC7FB00CDDEC0 /* Info.plist */ = {isa = PBXFileReference; lastKnownFileType = text.plist.xml; path = Info.plist; sourceTree = "<group>"; };
/* End PBXFileReference section */

/* Begin PBXFileSystemSynchronizedRootGroup section */
		2656417D2D5B01430087223D /* Configurator */ = {isa = PBXFileSystemSynchronizedRootGroup; explicitFileTypes = {}; explicitFolders = (); path = Configurator; sourceTree = "<group>"; };
		265641802D5B01D90087223D /* ViewControllers */ = {isa = PBXFileSystemSynchronizedRootGroup; explicitFileTypes = {}; explicitFolders = (); path = ViewControllers; sourceTree = "<group>"; };
		265641812D5B020C0087223D /* Views */ = {isa = PBXFileSystemSynchronizedRootGroup; explicitFileTypes = {}; explicitFolders = (); path = Views; sourceTree = "<group>"; };
/* End PBXFileSystemSynchronizedRootGroup section */

/* Begin PBXFrameworksBuildPhase section */
		7510E6FC2D3AC7FA00CDDEC0 /* Frameworks */ = {
			isa = PBXFrameworksBuildPhase;
			buildActionMask = 2147483647;
			files = (
				265641892D5B1ECE0087223D /* SnapKit in Frameworks */,
			);
			runOnlyForDeploymentPostprocessing = 0;
		};
/* End PBXFrameworksBuildPhase section */

/* Begin PBXGroup section */
		265641712D5AFB4C0087223D /* Model */ = {
			isa = PBXGroup;
			children = (
				265641722D5AFB770087223D /* Model.swift */,
			);
			path = Model;
			sourceTree = "<group>";
		};
		265641742D5AFBDF0087223D /* Presenter */ = {
			isa = PBXGroup;
			children = (
				265641772D5AFCC00087223D /* HomePresenter.swift */,
			);
			path = Presenter;
			sourceTree = "<group>";
		};
		265641792D5B00BA0087223D /* Services */ = {
			isa = PBXGroup;
			children = (
				2656417A2D5B00DE0087223D /* ProductService.swift */,
			);
			path = Services;
			sourceTree = "<group>";
		};
		7510E6F62D3AC7FA00CDDEC0 = {
			isa = PBXGroup;
			children = (
				7510E7012D3AC7FA00CDDEC0 /* Mvp-demo */,
				7510E7002D3AC7FA00CDDEC0 /* Products */,
			);
			sourceTree = "<group>";
		};
		7510E7002D3AC7FA00CDDEC0 /* Products */ = {
			isa = PBXGroup;
			children = (
				7510E6FF2D3AC7FA00CDDEC0 /* Mvp-demo.app */,
			);
			name = Products;
			sourceTree = "<group>";
		};
		7510E7012D3AC7FA00CDDEC0 /* Mvp-demo */ = {
			isa = PBXGroup;
			children = (
				7510E7162D3AC80C00CDDEC0 /* App */,
				7510E7182D3AC81900CDDEC0 /* Views */,
				265641742D5AFBDF0087223D /* Presenter */,
				265641792D5B00BA0087223D /* Services */,
				265641712D5AFB4C0087223D /* Model */,
				7510E7172D3AC81300CDDEC0 /* Resources */,
			);
			path = "Mvp-demo";
			sourceTree = "<group>";
		};
		7510E7162D3AC80C00CDDEC0 /* App */ = {
			isa = PBXGroup;
			children = (
				7510E7022D3AC7FA00CDDEC0 /* AppDelegate.swift */,
				7510E7042D3AC7FA00CDDEC0 /* SceneDelegate.swift */,
			);
			path = App;
			sourceTree = "<group>";
		};
		7510E7172D3AC81300CDDEC0 /* Resources */ = {
			isa = PBXGroup;
			children = (
				7510E70B2D3AC7FB00CDDEC0 /* Assets.xcassets */,
				7510E70D2D3AC7FB00CDDEC0 /* LaunchScreen.storyboard */,
				7510E7102D3AC7FB00CDDEC0 /* Info.plist */,
			);
			path = Resources;
			sourceTree = "<group>";
		};
		7510E7182D3AC81900CDDEC0 /* Views */ = {
			isa = PBXGroup;
			children = (
				2656417D2D5B01430087223D /* Configurator */,
				265641802D5B01D90087223D /* ViewControllers */,
				265641812D5B020C0087223D /* Views */,
			);
			path = Views;
			sourceTree = "<group>";
		};
/* End PBXGroup section */

/* Begin PBXNativeTarget section */
		7510E6FE2D3AC7FA00CDDEC0 /* Mvp-demo */ = {
			isa = PBXNativeTarget;
			buildConfigurationList = 7510E7132D3AC7FB00CDDEC0 /* Build configuration list for PBXNativeTarget "Mvp-demo" */;
			buildPhases = (
				7510E6FB2D3AC7FA00CDDEC0 /* Sources */,
				7510E6FC2D3AC7FA00CDDEC0 /* Frameworks */,
				7510E6FD2D3AC7FA00CDDEC0 /* Resources */,
			);
			buildRules = (
			);
			dependencies = (
			);
			fileSystemSynchronizedGroups = (
				2656417D2D5B01430087223D /* Configurator */,
				265641802D5B01D90087223D /* ViewControllers */,
				265641812D5B020C0087223D /* Views */,
			);
			name = "Mvp-demo";
			productName = "mvp-demo";
			productReference = 7510E6FF2D3AC7FA00CDDEC0 /* Mvp-demo.app */;
			productType = "com.apple.product-type.application";
		};
/* End PBXNativeTarget section */

/* Begin PBXProject section */
		7510E6F72D3AC7FA00CDDEC0 /* Project object */ = {
			isa = PBXProject;
			attributes = {
				BuildIndependentTargetsInParallel = 1;
				LastSwiftUpdateCheck = 1520;
				LastUpgradeCheck = 1520;
				TargetAttributes = {
					7510E6FE2D3AC7FA00CDDEC0 = {
						CreatedOnToolsVersion = 15.2;
					};
				};
			};
			buildConfigurationList = 7510E6FA2D3AC7FA00CDDEC0 /* Build configuration list for PBXProject "Mvp-demo" */;
			compatibilityVersion = "Xcode 14.0";
			developmentRegion = en;
			hasScannedForEncodings = 0;
			knownRegions = (
				en,
				Base,
			);
			mainGroup = 7510E6F62D3AC7FA00CDDEC0;
			packageReferences = (
				265641872D5B1ECE0087223D /* XCRemoteSwiftPackageReference "SnapKit" */,
			);
			productRefGroup = 7510E7002D3AC7FA00CDDEC0 /* Products */;
			projectDirPath = "";
			projectRoot = "";
			targets = (
				7510E6FE2D3AC7FA00CDDEC0 /* Mvp-demo */,
			);
		};
/* End PBXProject section */

/* Begin PBXResourcesBuildPhase section */
		7510E6FD2D3AC7FA00CDDEC0 /* Resources */ = {
			isa = PBXResourcesBuildPhase;
			buildActionMask = 2147483647;
			files = (
				7510E70F2D3AC7FB00CDDEC0 /* LaunchScreen.storyboard in Resources */,
				7510E70C2D3AC7FB00CDDEC0 /* Assets.xcassets in Resources */,
			);
			runOnlyForDeploymentPostprocessing = 0;
		};
/* End PBXResourcesBuildPhase section */

/* Begin PBXSourcesBuildPhase section */
		7510E6FB2D3AC7FA00CDDEC0 /* Sources */ = {
			isa = PBXSourcesBuildPhase;
			buildActionMask = 2147483647;
			files = (
				7510E7032D3AC7FA00CDDEC0 /* AppDelegate.swift in Sources */,
				7510E7052D3AC7FA00CDDEC0 /* SceneDelegate.swift in Sources */,
				265641782D5AFCC00087223D /* HomePresenter.swift in Sources */,
				265641732D5AFB770087223D /* Model.swift in Sources */,
				2656417B2D5B00DE0087223D /* ProductService.swift in Sources */,
			);
			runOnlyForDeploymentPostprocessing = 0;
		};
/* End PBXSourcesBuildPhase section */

/* Begin PBXVariantGroup section */
		7510E70D2D3AC7FB00CDDEC0 /* LaunchScreen.storyboard */ = {
			isa = PBXVariantGroup;
			children = (
				7510E70E2D3AC7FB00CDDEC0 /* Base */,
			);
			name = LaunchScreen.storyboard;
			sourceTree = "<group>";
		};
/* End PBXVariantGroup section */

/* Begin XCBuildConfiguration section */
		7510E7112D3AC7FB00CDDEC0 /* Debug */ = {
			isa = XCBuildConfiguration;
			buildSettings = {
				ALWAYS_SEARCH_USER_PATHS = NO;
				ASSETCATALOG_COMPILER_GENERATE_SWIFT_ASSET_SYMBOL_EXTENSIONS = YES;
				CLANG_ANALYZER_NONNULL = YES;
				CLANG_ANALYZER_NUMBER_OBJECT_CONVERSION = YES_AGGRESSIVE;
				CLANG_CXX_LANGUAGE_STANDARD = "gnu++20";
				CLANG_ENABLE_MODULES = YES;
				CLANG_ENABLE_OBJC_ARC = YES;
				CLANG_ENABLE_OBJC_WEAK = YES;
				CLANG_WARN_BLOCK_CAPTURE_AUTORELEASING = YES;
				CLANG_WARN_BOOL_CONVERSION = YES;
				CLANG_WARN_COMMA = YES;
				CLANG_WARN_CONSTANT_CONVERSION = YES;
				CLANG_WARN_DEPRECATED_OBJC_IMPLEMENTATIONS = YES;
				CLANG_WARN_DIRECT_OBJC_ISA_USAGE = YES_ERROR;
				CLANG_WARN_DOCUMENTATION_COMMENTS = YES;
				CLANG_WARN_EMPTY_BODY = YES;
				CLANG_WARN_ENUM_CONVERSION = YES;
				CLANG_WARN_INFINITE_RECURSION = YES;
				CLANG_WARN_INT_CONVERSION = YES;
				CLANG_WARN_NON_LITERAL_NULL_CONVERSION = YES;
				CLANG_WARN_OBJC_IMPLICIT_RETAIN_SELF = YES;
				CLANG_WARN_OBJC_LITERAL_CONVERSION = YES;
				CLANG_WARN_OBJC_ROOT_CLASS = YES_ERROR;
				CLANG_WARN_QUOTED_INCLUDE_IN_FRAMEWORK_HEADER = YES;
				CLANG_WARN_RANGE_LOOP_ANALYSIS = YES;
				CLANG_WARN_STRICT_PROTOTYPES = YES;
				CLANG_WARN_SUSPICIOUS_MOVE = YES;
				CLANG_WARN_UNGUARDED_AVAILABILITY = YES_AGGRESSIVE;
				CLANG_WARN_UNREACHABLE_CODE = YES;
				CLANG_WARN__DUPLICATE_METHOD_MATCH = YES;
				COPY_PHASE_STRIP = NO;
				DEBUG_INFORMATION_FORMAT = dwarf;
				ENABLE_STRICT_OBJC_MSGSEND = YES;
				ENABLE_TESTABILITY = YES;
				ENABLE_USER_SCRIPT_SANDBOXING = YES;
				GCC_C_LANGUAGE_STANDARD = gnu17;
				GCC_DYNAMIC_NO_PIC = NO;
				GCC_NO_COMMON_BLOCKS = YES;
				GCC_OPTIMIZATION_LEVEL = 0;
				GCC_PREPROCESSOR_DEFINITIONS = (
					"DEBUG=1",
					"$(inherited)",
				);
				GCC_WARN_64_TO_32_BIT_CONVERSION = YES;
				GCC_WARN_ABOUT_RETURN_TYPE = YES_ERROR;
				GCC_WARN_UNDECLARED_SELECTOR = YES;
				GCC_WARN_UNINITIALIZED_AUTOS = YES_AGGRESSIVE;
				GCC_WARN_UNUSED_FUNCTION = YES;
				GCC_WARN_UNUSED_VARIABLE = YES;
				IPHONEOS_DEPLOYMENT_TARGET = 17.2;
				LOCALIZATION_PREFERS_STRING_CATALOGS = YES;
				MTL_ENABLE_DEBUG_INFO = INCLUDE_SOURCE;
				MTL_FAST_MATH = YES;
				ONLY_ACTIVE_ARCH = YES;
				SDKROOT = iphoneos;
				SWIFT_ACTIVE_COMPILATION_CONDITIONS = "DEBUG $(inherited)";
				SWIFT_OPTIMIZATION_LEVEL = "-Onone";
			};
			name = Debug;
		};
		7510E7122D3AC7FB00CDDEC0 /* Release */ = {
			isa = XCBuildConfiguration;
			buildSettings = {
				ALWAYS_SEARCH_USER_PATHS = NO;
				ASSETCATALOG_COMPILER_GENERATE_SWIFT_ASSET_SYMBOL_EXTENSIONS = YES;
				CLANG_ANALYZER_NONNULL = YES;
				CLANG_ANALYZER_NUMBER_OBJECT_CONVERSION = YES_AGGRESSIVE;
				CLANG_CXX_LANGUAGE_STANDARD = "gnu++20";
				CLANG_ENABLE_MODULES = YES;
				CLANG_ENABLE_OBJC_ARC = YES;
				CLANG_ENABLE_OBJC_WEAK = YES;
				CLANG_WARN_BLOCK_CAPTURE_AUTORELEASING = YES;
				CLANG_WARN_BOOL_CONVERSION = YES;
				CLANG_WARN_COMMA = YES;
				CLANG_WARN_CONSTANT_CONVERSION = YES;
				CLANG_WARN_DEPRECATED_OBJC_IMPLEMENTATIONS = YES;
				CLANG_WARN_DIRECT_OBJC_ISA_USAGE = YES_ERROR;
				CLANG_WARN_DOCUMENTATION_COMMENTS = YES;
				CLANG_WARN_EMPTY_BODY = YES;
				CLANG_WARN_ENUM_CONVERSION = YES;
				CLANG_WARN_INFINITE_RECURSION = YES;
				CLANG_WARN_INT_CONVERSION = YES;
				CLANG_WARN_NON_LITERAL_NULL_CONVERSION = YES;
				CLANG_WARN_OBJC_IMPLICIT_RETAIN_SELF = YES;
				CLANG_WARN_OBJC_LITERAL_CONVERSION = YES;
				CLANG_WARN_OBJC_ROOT_CLASS = YES_ERROR;
				CLANG_WARN_QUOTED_INCLUDE_IN_FRAMEWORK_HEADER = YES;
				CLANG_WARN_RANGE_LOOP_ANALYSIS = YES;
				CLANG_WARN_STRICT_PROTOTYPES = YES;
				CLANG_WARN_SUSPICIOUS_MOVE = YES;
				CLANG_WARN_UNGUARDED_AVAILABILITY = YES_AGGRESSIVE;
				CLANG_WARN_UNREACHABLE_CODE = YES;
				CLANG_WARN__DUPLICATE_METHOD_MATCH = YES;
				COPY_PHASE_STRIP = NO;
				DEBUG_INFORMATION_FORMAT = "dwarf-with-dsym";
				ENABLE_NS_ASSERTIONS = NO;
				ENABLE_STRICT_OBJC_MSGSEND = YES;
				ENABLE_USER_SCRIPT_SANDBOXING = YES;
				GCC_C_LANGUAGE_STANDARD = gnu17;
				GCC_NO_COMMON_BLOCKS = YES;
				GCC_WARN_64_TO_32_BIT_CONVERSION = YES;
				GCC_WARN_ABOUT_RETURN_TYPE = YES_ERROR;
				GCC_WARN_UNDECLARED_SELECTOR = YES;
				GCC_WARN_UNINITIALIZED_AUTOS = YES_AGGRESSIVE;
				GCC_WARN_UNUSED_FUNCTION = YES;
				GCC_WARN_UNUSED_VARIABLE = YES;
				IPHONEOS_DEPLOYMENT_TARGET = 17.2;
				LOCALIZATION_PREFERS_STRING_CATALOGS = YES;
				MTL_ENABLE_DEBUG_INFO = NO;
				MTL_FAST_MATH = YES;
				SDKROOT = iphoneos;
				SWIFT_COMPILATION_MODE = wholemodule;
				VALIDATE_PRODUCT = YES;
			};
			name = Release;
		};
		7510E7142D3AC7FB00CDDEC0 /* Debug */ = {
			isa = XCBuildConfiguration;
			buildSettings = {
				ASSETCATALOG_COMPILER_APPICON_NAME = AppIcon;
				ASSETCATALOG_COMPILER_GLOBAL_ACCENT_COLOR_NAME = AccentColor;
				CODE_SIGN_STYLE = Automatic;
				CURRENT_PROJECT_VERSION = 1;
				DEVELOPMENT_TEAM = LT54Q8Z33F;
				GENERATE_INFOPLIST_FILE = YES;
				INFOPLIST_FILE = "mvp-demo/Resources/Info.plist";
				INFOPLIST_KEY_UIApplicationSupportsIndirectInputEvents = YES;
				INFOPLIST_KEY_UILaunchStoryboardName = LaunchScreen;
				INFOPLIST_KEY_UISupportedInterfaceOrientations_iPad = "UIInterfaceOrientationPortrait UIInterfaceOrientationPortraitUpsideDown UIInterfaceOrientationLandscapeLeft UIInterfaceOrientationLandscapeRight";
				INFOPLIST_KEY_UISupportedInterfaceOrientations_iPhone = "UIInterfaceOrientationPortrait UIInterfaceOrientationLandscapeLeft UIInterfaceOrientationLandscapeRight";
				LD_RUNPATH_SEARCH_PATHS = (
					"$(inherited)",
					"@executable_path/Frameworks",
				);
				MARKETING_VERSION = 1.0;
				PRODUCT_BUNDLE_IDENTIFIER = "com.mvp-demo.eliseev";
				PRODUCT_NAME = "$(TARGET_NAME)";
				SWIFT_EMIT_LOC_STRINGS = YES;
				SWIFT_VERSION = 5.0;
				TARGETED_DEVICE_FAMILY = "1,2";
			};
			name = Debug;
		};
		7510E7152D3AC7FB00CDDEC0 /* Release */ = {
			isa = XCBuildConfiguration;
			buildSettings = {
				ASSETCATALOG_COMPILER_APPICON_NAME = AppIcon;
				ASSETCATALOG_COMPILER_GLOBAL_ACCENT_COLOR_NAME = AccentColor;
				CODE_SIGN_STYLE = Automatic;
				CURRENT_PROJECT_VERSION = 1;
				DEVELOPMENT_TEAM = LT54Q8Z33F;
				GENERATE_INFOPLIST_FILE = YES;
				INFOPLIST_FILE = "mvp-demo/Resources/Info.plist";
				INFOPLIST_KEY_UIApplicationSupportsIndirectInputEvents = YES;
				INFOPLIST_KEY_UILaunchStoryboardName = LaunchScreen;
				INFOPLIST_KEY_UISupportedInterfaceOrientations_iPad = "UIInterfaceOrientationPortrait UIInterfaceOrientationPortraitUpsideDown UIInterfaceOrientationLandscapeLeft UIInterfaceOrientationLandscapeRight";
				INFOPLIST_KEY_UISupportedInterfaceOrientations_iPhone = "UIInterfaceOrientationPortrait UIInterfaceOrientationLandscapeLeft UIInterfaceOrientationLandscapeRight";
				LD_RUNPATH_SEARCH_PATHS = (
					"$(inherited)",
					"@executable_path/Frameworks",
				);
				MARKETING_VERSION = 1.0;
				PRODUCT_BUNDLE_IDENTIFIER = "com.mvp-demo.eliseev";
				PRODUCT_NAME = "$(TARGET_NAME)";
				SWIFT_EMIT_LOC_STRINGS = YES;
				SWIFT_VERSION = 5.0;
				TARGETED_DEVICE_FAMILY = "1,2";
			};
			name = Release;
		};
/* End XCBuildConfiguration section */

/* Begin XCConfigurationList section */
		7510E6FA2D3AC7FA00CDDEC0 /* Build configuration list for PBXProject "Mvp-demo" */ = {
			isa = XCConfigurationList;
			buildConfigurations = (
				7510E7112D3AC7FB00CDDEC0 /* Debug */,
				7510E7122D3AC7FB00CDDEC0 /* Release */,
			);
			defaultConfigurationIsVisible = 0;
			defaultConfigurationName = Release;
		};
		7510E7132D3AC7FB00CDDEC0 /* Build configuration list for PBXNativeTarget "Mvp-demo" */ = {
			isa = XCConfigurationList;
			buildConfigurations = (
				7510E7142D3AC7FB00CDDEC0 /* Debug */,
				7510E7152D3AC7FB00CDDEC0 /* Release */,
			);
			defaultConfigurationIsVisible = 0;
			defaultConfigurationName = Release;
		};
/* End XCConfigurationList section */

/* Begin XCRemoteSwiftPackageReference section */
		265641872D5B1ECE0087223D /* XCRemoteSwiftPackageReference "SnapKit" */ = {
			isa = XCRemoteSwiftPackageReference;
			repositoryURL = "https://github.com/SnapKit/SnapKit.git";
			requirement = {
				kind = upToNextMajorVersion;
				minimumVersion = 5.7.1;
			};
		};
/* End XCRemoteSwiftPackageReference section */

/* Begin XCSwiftPackageProductDependency section */
		265641882D5B1ECE0087223D /* SnapKit */ = {
			isa = XCSwiftPackageProductDependency;
			package = 265641872D5B1ECE0087223D /* XCRemoteSwiftPackageReference "SnapKit" */;
			productName = SnapKit;
		};
/* End XCSwiftPackageProductDependency section */
	};
	rootObject = 7510E6F72D3AC7FA00CDDEC0 /* Project object */;
}
